// !$*UTF8*$!
{
	archiveVersion = 1;
	classes = {
	};
	objectVersion = 50;
	objects = {

/* Begin PBXBuildFile section */
		151C115926886A1F005FD03B /* Project_10_Cupcake_Corner_SwiftUIApp.swift in Sources */ = {isa = PBXBuildFile; fileRef = 151C115826886A1F005FD03B /* Project_10_Cupcake_Corner_SwiftUIApp.swift */; };
		151C115B26886A1F005FD03B /* ContentView.swift in Sources */ = {isa = PBXBuildFile; fileRef = 151C115A26886A1F005FD03B /* ContentView.swift */; };
		151C115D26886A23005FD03B /* Assets.xcassets in Resources */ = {isa = PBXBuildFile; fileRef = 151C115C26886A23005FD03B /* Assets.xcassets */; };
		151C116026886A23005FD03B /* Preview Assets.xcassets in Resources */ = {isa = PBXBuildFile; fileRef = 151C115F26886A23005FD03B /* Preview Assets.xcassets */; };
		151C1168268A2FB1005FD03B /* Order.swift in Sources */ = {isa = PBXBuildFile; fileRef = 151C1167268A2FB1005FD03B /* Order.swift */; };
		151C116A268A3B2F005FD03B /* AddressView.swift in Sources */ = {isa = PBXBuildFile; fileRef = 151C1169268A3B2F005FD03B /* AddressView.swift */; };
/* End PBXBuildFile section */

/* Begin PBXFileReference section */
		151C115526886A1F005FD03B /* Project-10-Cupcake-Corner-SwiftUI.app */ = {isa = PBXFileReference; explicitFileType = wrapper.application; includeInIndex = 0; path = "Project-10-Cupcake-Corner-SwiftUI.app"; sourceTree = BUILT_PRODUCTS_DIR; };
		151C115826886A1F005FD03B /* Project_10_Cupcake_Corner_SwiftUIApp.swift */ = {isa = PBXFileReference; lastKnownFileType = sourcecode.swift; path = Project_10_Cupcake_Corner_SwiftUIApp.swift; sourceTree = "<group>"; };
		151C115A26886A1F005FD03B /* ContentView.swift */ = {isa = PBXFileReference; lastKnownFileType = sourcecode.swift; path = ContentView.swift; sourceTree = "<group>"; };
		151C115C26886A23005FD03B /* Assets.xcassets */ = {isa = PBXFileReference; lastKnownFileType = folder.assetcatalog; path = Assets.xcassets; sourceTree = "<group>"; };
		151C115F26886A23005FD03B /* Preview Assets.xcassets */ = {isa = PBXFileReference; lastKnownFileType = folder.assetcatalog; path = "Preview Assets.xcassets"; sourceTree = "<group>"; };
		151C116126886A23005FD03B /* Info.plist */ = {isa = PBXFileReference; lastKnownFileType = text.plist.xml; path = Info.plist; sourceTree = "<group>"; };
		151C1167268A2FB1005FD03B /* Order.swift */ = {isa = PBXFileReference; lastKnownFileType = sourcecode.swift; path = Order.swift; sourceTree = "<group>"; };
		151C1169268A3B2F005FD03B /* AddressView.swift */ = {isa = PBXFileReference; lastKnownFileType = sourcecode.swift; path = AddressView.swift; sourceTree = "<group>"; };
/* End PBXFileReference section */

/* Begin PBXFrameworksBuildPhase section */
		151C115226886A1F005FD03B /* Frameworks */ = {
			isa = PBXFrameworksBuildPhase;
			buildActionMask = 2147483647;
			files = (
			);
			runOnlyForDeploymentPostprocessing = 0;
		};
/* End PBXFrameworksBuildPhase section */

/* Begin PBXGroup section */
		151C114C26886A1F005FD03B = {
			isa = PBXGroup;
			children = (
				151C115726886A1F005FD03B /* Project-10-Cupcake-Corner-SwiftUI */,
				151C115626886A1F005FD03B /* Products */,
			);
			sourceTree = "<group>";
		};
		151C115626886A1F005FD03B /* Products */ = {
			isa = PBXGroup;
			children = (
				151C115526886A1F005FD03B /* Project-10-Cupcake-Corner-SwiftUI.app */,
			);
			name = Products;
			sourceTree = "<group>";
		};
		151C115726886A1F005FD03B /* Project-10-Cupcake-Corner-SwiftUI */ = {
			isa = PBXGroup;
			children = (
				151C115826886A1F005FD03B /* Project_10_Cupcake_Corner_SwiftUIApp.swift */,
				151C115A26886A1F005FD03B /* ContentView.swift */,
				151C1169268A3B2F005FD03B /* AddressView.swift */,
				151C1167268A2FB1005FD03B /* Order.swift */,
				151C115C26886A23005FD03B /* Assets.xcassets */,
				151C116126886A23005FD03B /* Info.plist */,
				151C115E26886A23005FD03B /* Preview Content */,
			);
			path = "Project-10-Cupcake-Corner-SwiftUI";
			sourceTree = "<group>";
		};
		151C115E26886A23005FD03B /* Preview Content */ = {
			isa = PBXGroup;
			children = (
				151C115F26886A23005FD03B /* Preview Assets.xcassets */,
			);
			path = "Preview Content";
			sourceTree = "<group>";
		};
/* End PBXGroup section */

/* Begin PBXNativeTarget section */
		151C115426886A1F005FD03B /* Project-10-Cupcake-Corner-SwiftUI */ = {
			isa = PBXNativeTarget;
			buildConfigurationList = 151C116426886A23005FD03B /* Build configuration list for PBXNativeTarget "Project-10-Cupcake-Corner-SwiftUI" */;
			buildPhases = (
				151C115126886A1F005FD03B /* Sources */,
				151C115226886A1F005FD03B /* Frameworks */,
				151C115326886A1F005FD03B /* Resources */,
			);
			buildRules = (
			);
			dependencies = (
			);
			name = "Project-10-Cupcake-Corner-SwiftUI";
			productName = "Project-10-Cupcake-Corner-SwiftUI";
			productReference = 151C115526886A1F005FD03B /* Project-10-Cupcake-Corner-SwiftUI.app */;
			productType = "com.apple.product-type.application";
		};
/* End PBXNativeTarget section */

/* Begin PBXProject section */
		151C114D26886A1F005FD03B /* Project object */ = {
			isa = PBXProject;
			attributes = {
				LastSwiftUpdateCheck = 1250;
				LastUpgradeCheck = 1250;
				TargetAttributes = {
					151C115426886A1F005FD03B = {
						CreatedOnToolsVersion = 12.5.1;
					};
				};
			};
			buildConfigurationList = 151C115026886A1F005FD03B /* Build configuration list for PBXProject "Project-10-Cupcake-Corner-SwiftUI" */;
			compatibilityVersion = "Xcode 9.3";
			developmentRegion = en;
			hasScannedForEncodings = 0;
			knownRegions = (
				en,
				Base,
			);
			mainGroup = 151C114C26886A1F005FD03B;
			productRefGroup = 151C115626886A1F005FD03B /* Products */;
			projectDirPath = "";
			projectRoot = "";
			targets = (
				151C115426886A1F005FD03B /* Project-10-Cupcake-Corner-SwiftUI */,
			);
		};
/* End PBXProject section */

/* Begin PBXResourcesBuildPhase section */
		151C115326886A1F005FD03B /* Resources */ = {
			isa = PBXResourcesBuildPhase;
			buildActionMask = 2147483647;
			files = (
				151C116026886A23005FD03B /* Preview Assets.xcassets in Resources */,
				151C115D26886A23005FD03B /* Assets.xcassets in Resources */,
			);
			runOnlyForDeploymentPostprocessing = 0;
		};
/* End PBXResourcesBuildPhase section */

/* Begin PBXSourcesBuildPhase section */
		151C115126886A1F005FD03B /* Sources */ = {
			isa = PBXSourcesBuildPhase;
			buildActionMask = 2147483647;
			files = (
				151C1168268A2FB1005FD03B /* Order.swift in Sources */,
				151C116A268A3B2F005FD03B /* AddressView.swift in Sources */,
				151C115B26886A1F005FD03B /* ContentView.swift in Sources */,
				151C115926886A1F005FD03B /* Project_10_Cupcake_Corner_SwiftUIApp.swift in Sources */,
			);
			runOnlyForDeploymentPostprocessing = 0;
		};
/* End PBXSourcesBuildPhase section */

/* Begin XCBuildConfiguration section */
		151C116226886A23005FD03B /* Debug */ = {
			isa = XCBuildConfiguration;
			buildSettings = {
				ALWAYS_SEARCH_USER_PATHS = NO;
				CLANG_ANALYZER_NONNULL = YES;
				CLANG_ANALYZER_NUMBER_OBJECT_CONVERSION = YES_AGGRESSIVE;
				CLANG_CXX_LANGUAGE_STANDARD = "gnu++14";
				CLANG_CXX_LIBRARY = "libc++";
				CLANG_ENABLE_MODULES = YES;
				CLANG_ENABLE_OBJC_ARC = YES;
				CLANG_ENABLE_OBJC_WEAK = YES;
				CLANG_WARN_BLOCK_CAPTURE_AUTORELEASING = YES;
				CLANG_WARN_BOOL_CONVERSION = YES;
				CLANG_WARN_COMMA = YES;
				CLANG_WARN_CONSTANT_CONVERSION = YES;
				CLANG_WARN_DEPRECATED_OBJC_IMPLEMENTATIONS = YES;
				CLANG_WARN_DIRECT_OBJC_ISA_USAGE = YES_ERROR;
				CLANG_WARN_DOCUMENTATION_COMMENTS = YES;
				CLANG_WARN_EMPTY_BODY = YES;
				CLANG_WARN_ENUM_CONVERSION = YES;
				CLANG_WARN_INFINITE_RECURSION = YES;
				CLANG_WARN_INT_CONVERSION = YES;
				CLANG_WARN_NON_LITERAL_NULL_CONVERSION = YES;
				CLANG_WARN_OBJC_IMPLICIT_RETAIN_SELF = YES;
				CLANG_WARN_OBJC_LITERAL_CONVERSION = YES;
				CLANG_WARN_OBJC_ROOT_CLASS = YES_ERROR;
				CLANG_WARN_QUOTED_INCLUDE_IN_FRAMEWORK_HEADER = YES;
				CLANG_WARN_RANGE_LOOP_ANALYSIS = YES;
				CLANG_WARN_STRICT_PROTOTYPES = YES;
				CLANG_WARN_SUSPICIOUS_MOVE = YES;
				CLANG_WARN_UNGUARDED_AVAILABILITY = YES_AGGRESSIVE;
				CLANG_WARN_UNREACHABLE_CODE = YES;
				CLANG_WARN__DUPLICATE_METHOD_MATCH = YES;
				COPY_PHASE_STRIP = NO;
				DEBUG_INFORMATION_FORMAT = dwarf;
				ENABLE_STRICT_OBJC_MSGSEND = YES;
				ENABLE_TESTABILITY = YES;
				GCC_C_LANGUAGE_STANDARD = gnu11;
				GCC_DYNAMIC_NO_PIC = NO;
				GCC_NO_COMMON_BLOCKS = YES;
				GCC_OPTIMIZATION_LEVEL = 0;
				GCC_PREPROCESSOR_DEFINITIONS = (
					"DEBUG=1",
					"$(inherited)",
				);
				GCC_WARN_64_TO_32_BIT_CONVERSION = YES;
				GCC_WARN_ABOUT_RETURN_TYPE = YES_ERROR;
				GCC_WARN_UNDECLARED_SELECTOR = YES;
				GCC_WARN_UNINITIALIZED_AUTOS = YES_AGGRESSIVE;
				GCC_WARN_UNUSED_FUNCTION = YES;
				GCC_WARN_UNUSED_VARIABLE = YES;
				IPHONEOS_DEPLOYMENT_TARGET = 14.5;
				MTL_ENABLE_DEBUG_INFO = INCLUDE_SOURCE;
				MTL_FAST_MATH = YES;
				ONLY_ACTIVE_ARCH = YES;
				SDKROOT = iphoneos;
				SWIFT_ACTIVE_COMPILATION_CONDITIONS = DEBUG;
				SWIFT_OPTIMIZATION_LEVEL = "-Onone";
			};
			name = Debug;
		};
		151C116326886A23005FD03B /* Release */ = {
			isa = XCBuildConfiguration;
			buildSettings = {
				ALWAYS_SEARCH_USER_PATHS = NO;
				CLANG_ANALYZER_NONNULL = YES;
				CLANG_ANALYZER_NUMBER_OBJECT_CONVERSION = YES_AGGRESSIVE;
				CLANG_CXX_LANGUAGE_STANDARD = "gnu++14";
				CLANG_CXX_LIBRARY = "libc++";
				CLANG_ENABLE_MODULES = YES;
				CLANG_ENABLE_OBJC_ARC = YES;
				CLANG_ENABLE_OBJC_WEAK = YES;
				CLANG_WARN_BLOCK_CAPTURE_AUTORELEASING = YES;
				CLANG_WARN_BOOL_CONVERSION = YES;
				CLANG_WARN_COMMA = YES;
				CLANG_WARN_CONSTANT_CONVERSION = YES;
				CLANG_WARN_DEPRECATED_OBJC_IMPLEMENTATIONS = YES;
				CLANG_WARN_DIRECT_OBJC_ISA_USAGE = YES_ERROR;
				CLANG_WARN_DOCUMENTATION_COMMENTS = YES;
				CLANG_WARN_EMPTY_BODY = YES;
				CLANG_WARN_ENUM_CONVERSION = YES;
				CLANG_WARN_INFINITE_RECURSION = YES;
				CLANG_WARN_INT_CONVERSION = YES;
				CLANG_WARN_NON_LITERAL_NULL_CONVERSION = YES;
				CLANG_WARN_OBJC_IMPLICIT_RETAIN_SELF = YES;
				CLANG_WARN_OBJC_LITERAL_CONVERSION = YES;
				CLANG_WARN_OBJC_ROOT_CLASS = YES_ERROR;
				CLANG_WARN_QUOTED_INCLUDE_IN_FRAMEWORK_HEADER = YES;
				CLANG_WARN_RANGE_LOOP_ANALYSIS = YES;
				CLANG_WARN_STRICT_PROTOTYPES = YES;
				CLANG_WARN_SUSPICIOUS_MOVE = YES;
				CLANG_WARN_UNGUARDED_AVAILABILITY = YES_AGGRESSIVE;
				CLANG_WARN_UNREACHABLE_CODE = YES;
				CLANG_WARN__DUPLICATE_METHOD_MATCH = YES;
				COPY_PHASE_STRIP = NO;
				DEBUG_INFORMATION_FORMAT = "dwarf-with-dsym";
				ENABLE_NS_ASSERTIONS = NO;
				ENABLE_STRICT_OBJC_MSGSEND = YES;
				GCC_C_LANGUAGE_STANDARD = gnu11;
				GCC_NO_COMMON_BLOCKS = YES;
				GCC_WARN_64_TO_32_BIT_CONVERSION = YES;
				GCC_WARN_ABOUT_RETURN_TYPE = YES_ERROR;
				GCC_WARN_UNDECLARED_SELECTOR = YES;
				GCC_WARN_UNINITIALIZED_AUTOS = YES_AGGRESSIVE;
				GCC_WARN_UNUSED_FUNCTION = YES;
				GCC_WARN_UNUSED_VARIABLE = YES;
				IPHONEOS_DEPLOYMENT_TARGET = 14.5;
				MTL_ENABLE_DEBUG_INFO = NO;
				MTL_FAST_MATH = YES;
				SDKROOT = iphoneos;
				SWIFT_COMPILATION_MODE = wholemodule;
				SWIFT_OPTIMIZATION_LEVEL = "-O";
				VALIDATE_PRODUCT = YES;
			};
			name = Release;
		};
		151C116526886A23005FD03B /* Debug */ = {
			isa = XCBuildConfiguration;
			buildSettings = {
				ASSETCATALOG_COMPILER_APPICON_NAME = AppIcon;
				ASSETCATALOG_COMPILER_GLOBAL_ACCENT_COLOR_NAME = AccentColor;
				CODE_SIGN_STYLE = Automatic;
				DEVELOPMENT_ASSET_PATHS = "\"Project-10-Cupcake-Corner-SwiftUI/Preview Content\"";
				DEVELOPMENT_TEAM = ETARS989MB;
				ENABLE_PREVIEWS = YES;
				INFOPLIST_FILE = "Project-10-Cupcake-Corner-SwiftUI/Info.plist";
				IPHONEOS_DEPLOYMENT_TARGET = 14.0;
				LD_RUNPATH_SEARCH_PATHS = (
					"$(inherited)",
					"@executable_path/Frameworks",
				);
				PRODUCT_BUNDLE_IDENTIFIER = "com.karalar.baris.Project-10-Cupcake-Corner-SwiftUI";
				PRODUCT_NAME = "$(TARGET_NAME)";
				SWIFT_VERSION = 5.0;
				TARGETED_DEVICE_FAMILY = "1,2";
			};
			name = Debug;
		};
		151C116626886A23005FD03B /* Release */ = {
			isa = XCBuildConfiguration;
			buildSettings = {
				ASSETCATALOG_COMPILER_APPICON_NAME = AppIcon;
				ASSETCATALOG_COMPILER_GLOBAL_ACCENT_COLOR_NAME = AccentColor;
				CODE_SIGN_STYLE = Automatic;
				DEVELOPMENT_ASSET_PATHS = "\"Project-10-Cupcake-Corner-SwiftUI/Preview Content\"";
				DEVELOPMENT_TEAM = ETARS989MB;
				ENABLE_PREVIEWS = YES;
				INFOPLIST_FILE = "Project-10-Cupcake-Corner-SwiftUI/Info.plist";
				IPHONEOS_DEPLOYMENT_TARGET = 14.0;
				LD_RUNPATH_SEARCH_PATHS = (
					"$(inherited)",
					"@executable_path/Frameworks",
				);
				PRODUCT_BUNDLE_IDENTIFIER = "com.karalar.baris.Project-10-Cupcake-Corner-SwiftUI";
				PRODUCT_NAME = "$(TARGET_NAME)";
				SWIFT_VERSION = 5.0;
				TARGETED_DEVICE_FAMILY = "1,2";
			};
			name = Release;
		};
/* End XCBuildConfiguration section */

/* Begin XCConfigurationList section */
		151C115026886A1F005FD03B /* Build configuration list for PBXProject "Project-10-Cupcake-Corner-SwiftUI" */ = {
			isa = XCConfigurationList;
			buildConfigurations = (
				151C116226886A23005FD03B /* Debug */,
				151C116326886A23005FD03B /* Release */,
			);
			defaultConfigurationIsVisible = 0;
			defaultConfigurationName = Release;
		};
		151C116426886A23005FD03B /* Build configuration list for PBXNativeTarget "Project-10-Cupcake-Corner-SwiftUI" */ = {
			isa = XCConfigurationList;
			buildConfigurations = (
				151C116526886A23005FD03B /* Debug */,
				151C116626886A23005FD03B /* Release */,
			);
			defaultConfigurationIsVisible = 0;
			defaultConfigurationName = Release;
		};
/* End XCConfigurationList section */
	};
	rootObject = 151C114D26886A1F005FD03B /* Project object */;
}
